// !$*UTF8*$!
{
	archiveVersion = 1;
	classes = {
	};
	objectVersion = 56;
	objects = {

/* Begin PBXBuildFile section */
		8818926F2B6647C300595A3E /* AppDelegate.swift in Sources */ = {isa = PBXBuildFile; fileRef = 8818926E2B6647C300595A3E /* AppDelegate.swift */; };
		881892712B6647C300595A3E /* SceneDelegate.swift in Sources */ = {isa = PBXBuildFile; fileRef = 881892702B6647C300595A3E /* SceneDelegate.swift */; };
		881892732B6647C300595A3E /* ViewController.swift in Sources */ = {isa = PBXBuildFile; fileRef = 881892722B6647C300595A3E /* ViewController.swift */; };
		881892762B6647C300595A3E /* Main.storyboard in Resources */ = {isa = PBXBuildFile; fileRef = 881892742B6647C300595A3E /* Main.storyboard */; };
		881892782B6647C400595A3E /* Assets.xcassets in Resources */ = {isa = PBXBuildFile; fileRef = 881892772B6647C400595A3E /* Assets.xcassets */; };
		8818927B2B6647C400595A3E /* LaunchScreen.storyboard in Resources */ = {isa = PBXBuildFile; fileRef = 881892792B6647C400595A3E /* LaunchScreen.storyboard */; };
		8818929F2B66484A00595A3E /* UIControl+Extension.swift in Sources */ = {isa = PBXBuildFile; fileRef = 8818929E2B66484A00595A3E /* UIControl+Extension.swift */; };
		88391DC32B6653FB0026BB19 /* UITapGestureRecognizer+Extension.swift in Sources */ = {isa = PBXBuildFile; fileRef = 88391DC22B6653FB0026BB19 /* UITapGestureRecognizer+Extension.swift */; };
		88391DC52B6654110026BB19 /* UIView+Extension.swift in Sources */ = {isa = PBXBuildFile; fileRef = 88391DC42B6654110026BB19 /* UIView+Extension.swift */; };
		88DF63432B6650FF005E93E4 /* CustomThrottleTapGestureTests.swift in Sources */ = {isa = PBXBuildFile; fileRef = 881892852B6647C400595A3E /* CustomThrottleTapGestureTests.swift */; };
		88DF63452B665111005E93E4 /* CustomThrottleTapTests.swift in Sources */ = {isa = PBXBuildFile; fileRef = 881892A02B664B8B00595A3E /* CustomThrottleTapTests.swift */; };
/* End PBXBuildFile section */

/* Begin PBXContainerItemProxy section */
		88DF633E2B6650FA005E93E4 /* PBXContainerItemProxy */ = {
			isa = PBXContainerItemProxy;
			containerPortal = 881892632B6647C200595A3E /* Project object */;
			proxyType = 1;
			remoteGlobalIDString = 8818926A2B6647C300595A3E;
			remoteInfo = CustomThrottleTapTest;
		};
/* End PBXContainerItemProxy section */

/* Begin PBXFileReference section */
		8818926B2B6647C300595A3E /* CustomThrottleTapTest.app */ = {isa = PBXFileReference; explicitFileType = wrapper.application; includeInIndex = 0; path = CustomThrottleTapTest.app; sourceTree = BUILT_PRODUCTS_DIR; };
		8818926E2B6647C300595A3E /* AppDelegate.swift */ = {isa = PBXFileReference; lastKnownFileType = sourcecode.swift; path = AppDelegate.swift; sourceTree = "<group>"; };
		881892702B6647C300595A3E /* SceneDelegate.swift */ = {isa = PBXFileReference; lastKnownFileType = sourcecode.swift; path = SceneDelegate.swift; sourceTree = "<group>"; };
		881892722B6647C300595A3E /* ViewController.swift */ = {isa = PBXFileReference; lastKnownFileType = sourcecode.swift; path = ViewController.swift; sourceTree = "<group>"; };
		881892752B6647C300595A3E /* Base */ = {isa = PBXFileReference; lastKnownFileType = file.storyboard; name = Base; path = Base.lproj/Main.storyboard; sourceTree = "<group>"; };
		881892772B6647C400595A3E /* Assets.xcassets */ = {isa = PBXFileReference; lastKnownFileType = folder.assetcatalog; path = Assets.xcassets; sourceTree = "<group>"; };
		8818927A2B6647C400595A3E /* Base */ = {isa = PBXFileReference; lastKnownFileType = file.storyboard; name = Base; path = Base.lproj/LaunchScreen.storyboard; sourceTree = "<group>"; };
		8818927C2B6647C400595A3E /* Info.plist */ = {isa = PBXFileReference; lastKnownFileType = text.plist.xml; path = Info.plist; sourceTree = "<group>"; };
		881892852B6647C400595A3E /* CustomThrottleTapGestureTests.swift */ = {isa = PBXFileReference; lastKnownFileType = sourcecode.swift; path = CustomThrottleTapGestureTests.swift; sourceTree = "<group>"; };
		8818929E2B66484A00595A3E /* UIControl+Extension.swift */ = {isa = PBXFileReference; lastKnownFileType = sourcecode.swift; path = "UIControl+Extension.swift"; sourceTree = "<group>"; };
		881892A02B664B8B00595A3E /* CustomThrottleTapTests.swift */ = {isa = PBXFileReference; lastKnownFileType = sourcecode.swift; name = CustomThrottleTapTests.swift; path = ../CustomThrottleTapTest/CustomThrottleTapTests.swift; sourceTree = "<group>"; };
		88391DC22B6653FB0026BB19 /* UITapGestureRecognizer+Extension.swift */ = {isa = PBXFileReference; lastKnownFileType = sourcecode.swift; path = "UITapGestureRecognizer+Extension.swift"; sourceTree = "<group>"; };
		88391DC42B6654110026BB19 /* UIView+Extension.swift */ = {isa = PBXFileReference; lastKnownFileType = sourcecode.swift; path = "UIView+Extension.swift"; sourceTree = "<group>"; };
		88DF633A2B6650FA005E93E4 /* CustomThrottleTapTests.xctest */ = {isa = PBXFileReference; explicitFileType = wrapper.cfbundle; includeInIndex = 0; path = CustomThrottleTapTests.xctest; sourceTree = BUILT_PRODUCTS_DIR; };
/* End PBXFileReference section */

/* Begin PBXFrameworksBuildPhase section */
		881892682B6647C300595A3E /* Frameworks */ = {
			isa = PBXFrameworksBuildPhase;
			buildActionMask = 2147483647;
			files = (
			);
			runOnlyForDeploymentPostprocessing = 0;
		};
		88DF63372B6650FA005E93E4 /* Frameworks */ = {
			isa = PBXFrameworksBuildPhase;
			buildActionMask = 2147483647;
			files = (
			);
			runOnlyForDeploymentPostprocessing = 0;
		};
/* End PBXFrameworksBuildPhase section */

/* Begin PBXGroup section */
		881892622B6647C200595A3E = {
			isa = PBXGroup;
			children = (
				8818926D2B6647C300595A3E /* CustomThrottleTapTest */,
				88DF633B2B6650FA005E93E4 /* CustomThrottleTapTests */,
				8818926C2B6647C300595A3E /* Products */,
			);
			sourceTree = "<group>";
		};
		8818926C2B6647C300595A3E /* Products */ = {
			isa = PBXGroup;
			children = (
				8818926B2B6647C300595A3E /* CustomThrottleTapTest.app */,
				88DF633A2B6650FA005E93E4 /* CustomThrottleTapTests.xctest */,
			);
			name = Products;
			sourceTree = "<group>";
		};
		8818926D2B6647C300595A3E /* CustomThrottleTapTest */ = {
			isa = PBXGroup;
			children = (
				8818926E2B6647C300595A3E /* AppDelegate.swift */,
				881892702B6647C300595A3E /* SceneDelegate.swift */,
				881892722B6647C300595A3E /* ViewController.swift */,
				8818929E2B66484A00595A3E /* UIControl+Extension.swift */,
				88391DC42B6654110026BB19 /* UIView+Extension.swift */,
				88391DC22B6653FB0026BB19 /* UITapGestureRecognizer+Extension.swift */,
				881892742B6647C300595A3E /* Main.storyboard */,
				881892772B6647C400595A3E /* Assets.xcassets */,
				881892792B6647C400595A3E /* LaunchScreen.storyboard */,
				8818927C2B6647C400595A3E /* Info.plist */,
			);
			path = CustomThrottleTapTest;
			sourceTree = "<group>";
		};
		88DF633B2B6650FA005E93E4 /* CustomThrottleTapTests */ = {
			isa = PBXGroup;
			children = (
				881892852B6647C400595A3E /* CustomThrottleTapGestureTests.swift */,
				881892A02B664B8B00595A3E /* CustomThrottleTapTests.swift */,
			);
			path = CustomThrottleTapTests;
			sourceTree = "<group>";
		};
/* End PBXGroup section */

/* Begin PBXNativeTarget section */
		8818926A2B6647C300595A3E /* CustomThrottleTapTest */ = {
			isa = PBXNativeTarget;
			buildConfigurationList = 881892952B6647C400595A3E /* Build configuration list for PBXNativeTarget "CustomThrottleTapTest" */;
			buildPhases = (
				881892672B6647C300595A3E /* Sources */,
				881892682B6647C300595A3E /* Frameworks */,
				881892692B6647C300595A3E /* Resources */,
			);
			buildRules = (
			);
			dependencies = (
			);
			name = CustomThrottleTapTest;
			productName = CustomThrottleTapTest;
			productReference = 8818926B2B6647C300595A3E /* CustomThrottleTapTest.app */;
			productType = "com.apple.product-type.application";
		};
		88DF63392B6650FA005E93E4 /* CustomThrottleTapTests */ = {
			isa = PBXNativeTarget;
			buildConfigurationList = 88DF63402B6650FA005E93E4 /* Build configuration list for PBXNativeTarget "CustomThrottleTapTests" */;
			buildPhases = (
				88DF63362B6650FA005E93E4 /* Sources */,
				88DF63372B6650FA005E93E4 /* Frameworks */,
				88DF63382B6650FA005E93E4 /* Resources */,
			);
			buildRules = (
			);
			dependencies = (
				88DF633F2B6650FA005E93E4 /* PBXTargetDependency */,
			);
			name = CustomThrottleTapTests;
			productName = CustomThrottleTapTests;
			productReference = 88DF633A2B6650FA005E93E4 /* CustomThrottleTapTests.xctest */;
			productType = "com.apple.product-type.bundle.unit-test";
		};
/* End PBXNativeTarget section */

/* Begin PBXProject section */
		881892632B6647C200595A3E /* Project object */ = {
			isa = PBXProject;
			attributes = {
				BuildIndependentTargetsInParallel = 1;
				LastSwiftUpdateCheck = 1520;
				LastUpgradeCheck = 1520;
				TargetAttributes = {
					8818926A2B6647C300595A3E = {
						CreatedOnToolsVersion = 15.2;
					};
					88DF63392B6650FA005E93E4 = {
						CreatedOnToolsVersion = 15.2;
						TestTargetID = 8818926A2B6647C300595A3E;
					};
				};
			};
			buildConfigurationList = 881892662B6647C200595A3E /* Build configuration list for PBXProject "CustomThrottleTapTest" */;
			compatibilityVersion = "Xcode 14.0";
			developmentRegion = en;
			hasScannedForEncodings = 0;
			knownRegions = (
				en,
				Base,
			);
			mainGroup = 881892622B6647C200595A3E;
			productRefGroup = 8818926C2B6647C300595A3E /* Products */;
			projectDirPath = "";
			projectRoot = "";
			targets = (
				8818926A2B6647C300595A3E /* CustomThrottleTapTest */,
				88DF63392B6650FA005E93E4 /* CustomThrottleTapTests */,
			);
		};
/* End PBXProject section */

/* Begin PBXResourcesBuildPhase section */
		881892692B6647C300595A3E /* Resources */ = {
			isa = PBXResourcesBuildPhase;
			buildActionMask = 2147483647;
			files = (
				8818927B2B6647C400595A3E /* LaunchScreen.storyboard in Resources */,
				881892782B6647C400595A3E /* Assets.xcassets in Resources */,
				881892762B6647C300595A3E /* Main.storyboard in Resources */,
			);
			runOnlyForDeploymentPostprocessing = 0;
		};
		88DF63382B6650FA005E93E4 /* Resources */ = {
			isa = PBXResourcesBuildPhase;
			buildActionMask = 2147483647;
			files = (
			);
			runOnlyForDeploymentPostprocessing = 0;
		};
/* End PBXResourcesBuildPhase section */

/* Begin PBXSourcesBuildPhase section */
		881892672B6647C300595A3E /* Sources */ = {
			isa = PBXSourcesBuildPhase;
			buildActionMask = 2147483647;
			files = (
				88391DC52B6654110026BB19 /* UIView+Extension.swift in Sources */,
				88391DC32B6653FB0026BB19 /* UITapGestureRecognizer+Extension.swift in Sources */,
				881892732B6647C300595A3E /* ViewController.swift in Sources */,
				8818926F2B6647C300595A3E /* AppDelegate.swift in Sources */,
				881892712B6647C300595A3E /* SceneDelegate.swift in Sources */,
				8818929F2B66484A00595A3E /* UIControl+Extension.swift in Sources */,
			);
			runOnlyForDeploymentPostprocessing = 0;
		};
		88DF63362B6650FA005E93E4 /* Sources */ = {
			isa = PBXSourcesBuildPhase;
			buildActionMask = 2147483647;
			files = (
				88DF63452B665111005E93E4 /* CustomThrottleTapTests.swift in Sources */,
				88DF63432B6650FF005E93E4 /* CustomThrottleTapGestureTests.swift in Sources */,
			);
			runOnlyForDeploymentPostprocessing = 0;
		};
/* End PBXSourcesBuildPhase section */

/* Begin PBXTargetDependency section */
		88DF633F2B6650FA005E93E4 /* PBXTargetDependency */ = {
			isa = PBXTargetDependency;
			target = 8818926A2B6647C300595A3E /* CustomThrottleTapTest */;
			targetProxy = 88DF633E2B6650FA005E93E4 /* PBXContainerItemProxy */;
		};
/* End PBXTargetDependency section */

/* Begin PBXVariantGroup section */
		881892742B6647C300595A3E /* Main.storyboard */ = {
			isa = PBXVariantGroup;
			children = (
				881892752B6647C300595A3E /* Base */,
			);
			name = Main.storyboard;
			sourceTree = "<group>";
		};
		881892792B6647C400595A3E /* LaunchScreen.storyboard */ = {
			isa = PBXVariantGroup;
			children = (
				8818927A2B6647C400595A3E /* Base */,
			);
			name = LaunchScreen.storyboard;
			sourceTree = "<group>";
		};
/* End PBXVariantGroup section */

/* Begin XCBuildConfiguration section */
		881892932B6647C400595A3E /* Debug */ = {
			isa = XCBuildConfiguration;
			buildSettings = {
				ALWAYS_SEARCH_USER_PATHS = NO;
				ASSETCATALOG_COMPILER_GENERATE_SWIFT_ASSET_SYMBOL_EXTENSIONS = YES;
				CLANG_ANALYZER_NONNULL = YES;
				CLANG_ANALYZER_NUMBER_OBJECT_CONVERSION = YES_AGGRESSIVE;
				CLANG_CXX_LANGUAGE_STANDARD = "gnu++20";
				CLANG_ENABLE_MODULES = YES;
				CLANG_ENABLE_OBJC_ARC = YES;
				CLANG_ENABLE_OBJC_WEAK = YES;
				CLANG_WARN_BLOCK_CAPTURE_AUTORELEASING = YES;
				CLANG_WARN_BOOL_CONVERSION = YES;
				CLANG_WARN_COMMA = YES;
				CLANG_WARN_CONSTANT_CONVERSION = YES;
				CLANG_WARN_DEPRECATED_OBJC_IMPLEMENTATIONS = YES;
				CLANG_WARN_DIRECT_OBJC_ISA_USAGE = YES_ERROR;
				CLANG_WARN_DOCUMENTATION_COMMENTS = YES;
				CLANG_WARN_EMPTY_BODY = YES;
				CLANG_WARN_ENUM_CONVERSION = YES;
				CLANG_WARN_INFINITE_RECURSION = YES;
				CLANG_WARN_INT_CONVERSION = YES;
				CLANG_WARN_NON_LITERAL_NULL_CONVERSION = YES;
				CLANG_WARN_OBJC_IMPLICIT_RETAIN_SELF = YES;
				CLANG_WARN_OBJC_LITERAL_CONVERSION = YES;
				CLANG_WARN_OBJC_ROOT_CLASS = YES_ERROR;
				CLANG_WARN_QUOTED_INCLUDE_IN_FRAMEWORK_HEADER = YES;
				CLANG_WARN_RANGE_LOOP_ANALYSIS = YES;
				CLANG_WARN_STRICT_PROTOTYPES = YES;
				CLANG_WARN_SUSPICIOUS_MOVE = YES;
				CLANG_WARN_UNGUARDED_AVAILABILITY = YES_AGGRESSIVE;
				CLANG_WARN_UNREACHABLE_CODE = YES;
				CLANG_WARN__DUPLICATE_METHOD_MATCH = YES;
				COPY_PHASE_STRIP = NO;
				DEBUG_INFORMATION_FORMAT = dwarf;
				ENABLE_STRICT_OBJC_MSGSEND = YES;
				ENABLE_TESTABILITY = YES;
				ENABLE_USER_SCRIPT_SANDBOXING = YES;
				GCC_C_LANGUAGE_STANDARD = gnu17;
				GCC_DYNAMIC_NO_PIC = NO;
				GCC_NO_COMMON_BLOCKS = YES;
				GCC_OPTIMIZATION_LEVEL = 0;
				GCC_PREPROCESSOR_DEFINITIONS = (
					"DEBUG=1",
					"$(inherited)",
				);
				GCC_WARN_64_TO_32_BIT_CONVERSION = YES;
				GCC_WARN_ABOUT_RETURN_TYPE = YES_ERROR;
				GCC_WARN_UNDECLARED_SELECTOR = YES;
				GCC_WARN_UNINITIALIZED_AUTOS = YES_AGGRESSIVE;
				GCC_WARN_UNUSED_FUNCTION = YES;
				GCC_WARN_UNUSED_VARIABLE = YES;
				IPHONEOS_DEPLOYMENT_TARGET = 14.0;
				LOCALIZATION_PREFERS_STRING_CATALOGS = YES;
				MTL_ENABLE_DEBUG_INFO = INCLUDE_SOURCE;
				MTL_FAST_MATH = YES;
				ONLY_ACTIVE_ARCH = YES;
				SDKROOT = iphoneos;
				SWIFT_ACTIVE_COMPILATION_CONDITIONS = "DEBUG $(inherited)";
				SWIFT_OPTIMIZATION_LEVEL = "-Onone";
			};
			name = Debug;
		};
		881892942B6647C400595A3E /* Release */ = {
			isa = XCBuildConfiguration;
			buildSettings = {
				ALWAYS_SEARCH_USER_PATHS = NO;
				ASSETCATALOG_COMPILER_GENERATE_SWIFT_ASSET_SYMBOL_EXTENSIONS = YES;
				CLANG_ANALYZER_NONNULL = YES;
				CLANG_ANALYZER_NUMBER_OBJECT_CONVERSION = YES_AGGRESSIVE;
				CLANG_CXX_LANGUAGE_STANDARD = "gnu++20";
				CLANG_ENABLE_MODULES = YES;
				CLANG_ENABLE_OBJC_ARC = YES;
				CLANG_ENABLE_OBJC_WEAK = YES;
				CLANG_WARN_BLOCK_CAPTURE_AUTORELEASING = YES;
				CLANG_WARN_BOOL_CONVERSION = YES;
				CLANG_WARN_COMMA = YES;
				CLANG_WARN_CONSTANT_CONVERSION = YES;
				CLANG_WARN_DEPRECATED_OBJC_IMPLEMENTATIONS = YES;
				CLANG_WARN_DIRECT_OBJC_ISA_USAGE = YES_ERROR;
				CLANG_WARN_DOCUMENTATION_COMMENTS = YES;
				CLANG_WARN_EMPTY_BODY = YES;
				CLANG_WARN_ENUM_CONVERSION = YES;
				CLANG_WARN_INFINITE_RECURSION = YES;
				CLANG_WARN_INT_CONVERSION = YES;
				CLANG_WARN_NON_LITERAL_NULL_CONVERSION = YES;
				CLANG_WARN_OBJC_IMPLICIT_RETAIN_SELF = YES;
				CLANG_WARN_OBJC_LITERAL_CONVERSION = YES;
				CLANG_WARN_OBJC_ROOT_CLASS = YES_ERROR;
				CLANG_WARN_QUOTED_INCLUDE_IN_FRAMEWORK_HEADER = YES;
				CLANG_WARN_RANGE_LOOP_ANALYSIS = YES;
				CLANG_WARN_STRICT_PROTOTYPES = YES;
				CLANG_WARN_SUSPICIOUS_MOVE = YES;
				CLANG_WARN_UNGUARDED_AVAILABILITY = YES_AGGRESSIVE;
				CLANG_WARN_UNREACHABLE_CODE = YES;
				CLANG_WARN__DUPLICATE_METHOD_MATCH = YES;
				COPY_PHASE_STRIP = NO;
				DEBUG_INFORMATION_FORMAT = "dwarf-with-dsym";
				ENABLE_NS_ASSERTIONS = NO;
				ENABLE_STRICT_OBJC_MSGSEND = YES;
				ENABLE_USER_SCRIPT_SANDBOXING = YES;
				GCC_C_LANGUAGE_STANDARD = gnu17;
				GCC_NO_COMMON_BLOCKS = YES;
				GCC_WARN_64_TO_32_BIT_CONVERSION = YES;
				GCC_WARN_ABOUT_RETURN_TYPE = YES_ERROR;
				GCC_WARN_UNDECLARED_SELECTOR = YES;
				GCC_WARN_UNINITIALIZED_AUTOS = YES_AGGRESSIVE;
				GCC_WARN_UNUSED_FUNCTION = YES;
				GCC_WARN_UNUSED_VARIABLE = YES;
				IPHONEOS_DEPLOYMENT_TARGET = 14.0;
				LOCALIZATION_PREFERS_STRING_CATALOGS = YES;
				MTL_ENABLE_DEBUG_INFO = NO;
				MTL_FAST_MATH = YES;
				SDKROOT = iphoneos;
				SWIFT_COMPILATION_MODE = wholemodule;
				VALIDATE_PRODUCT = YES;
			};
			name = Release;
		};
		881892962B6647C400595A3E /* Debug */ = {
			isa = XCBuildConfiguration;
			buildSettings = {
				ASSETCATALOG_COMPILER_APPICON_NAME = AppIcon;
				ASSETCATALOG_COMPILER_GLOBAL_ACCENT_COLOR_NAME = AccentColor;
				CODE_SIGN_STYLE = Automatic;
				CURRENT_PROJECT_VERSION = 1;
				DEVELOPMENT_TEAM = 538V75M248;
				GENERATE_INFOPLIST_FILE = YES;
				INFOPLIST_FILE = CustomThrottleTapTest/Info.plist;
				INFOPLIST_KEY_UIApplicationSupportsIndirectInputEvents = YES;
				INFOPLIST_KEY_UILaunchStoryboardName = LaunchScreen;
				INFOPLIST_KEY_UIMainStoryboardFile = Main;
				INFOPLIST_KEY_UISupportedInterfaceOrientations = UIInterfaceOrientationPortrait;
				IPHONEOS_DEPLOYMENT_TARGET = 14.0;
				LD_RUNPATH_SEARCH_PATHS = (
					"$(inherited)",
					"@executable_path/Frameworks",
				);
				MARKETING_VERSION = 1.0;
				PRODUCT_BUNDLE_IDENTIFIER = com.ourtrees.CustomThrottleTapTest;
				PRODUCT_NAME = "$(TARGET_NAME)";
				SUPPORTED_PLATFORMS = "iphoneos iphonesimulator";
				SUPPORTS_MACCATALYST = NO;
				SUPPORTS_MAC_DESIGNED_FOR_IPHONE_IPAD = NO;
				SUPPORTS_XR_DESIGNED_FOR_IPHONE_IPAD = NO;
				SWIFT_EMIT_LOC_STRINGS = YES;
				SWIFT_VERSION = 5.0;
				TARGETED_DEVICE_FAMILY = "1,2";
			};
			name = Debug;
		};
		881892972B6647C400595A3E /* Release */ = {
			isa = XCBuildConfiguration;
			buildSettings = {
				ASSETCATALOG_COMPILER_APPICON_NAME = AppIcon;
				ASSETCATALOG_COMPILER_GLOBAL_ACCENT_COLOR_NAME = AccentColor;
				CODE_SIGN_STYLE = Automatic;
				CURRENT_PROJECT_VERSION = 1;
				DEVELOPMENT_TEAM = 538V75M248;
				GENERATE_INFOPLIST_FILE = YES;
				INFOPLIST_FILE = CustomThrottleTapTest/Info.plist;
				INFOPLIST_KEY_UIApplicationSupportsIndirectInputEvents = YES;
				INFOPLIST_KEY_UILaunchStoryboardName = LaunchScreen;
				INFOPLIST_KEY_UIMainStoryboardFile = Main;
				INFOPLIST_KEY_UISupportedInterfaceOrientations = UIInterfaceOrientationPortrait;
				IPHONEOS_DEPLOYMENT_TARGET = 14.0;
				LD_RUNPATH_SEARCH_PATHS = (
					"$(inherited)",
					"@executable_path/Frameworks",
				);
				MARKETING_VERSION = 1.0;
				PRODUCT_BUNDLE_IDENTIFIER = com.ourtrees.CustomThrottleTapTest;
				PRODUCT_NAME = "$(TARGET_NAME)";
				SUPPORTED_PLATFORMS = "iphoneos iphonesimulator";
				SUPPORTS_MACCATALYST = NO;
				SUPPORTS_MAC_DESIGNED_FOR_IPHONE_IPAD = NO;
				SUPPORTS_XR_DESIGNED_FOR_IPHONE_IPAD = NO;
				SWIFT_EMIT_LOC_STRINGS = YES;
				SWIFT_VERSION = 5.0;
				TARGETED_DEVICE_FAMILY = "1,2";
			};
			name = Release;
		};
		88DF63412B6650FA005E93E4 /* Debug */ = {
			isa = XCBuildConfiguration;
			buildSettings = {
				BUNDLE_LOADER = "$(TEST_HOST)";
				CODE_SIGN_STYLE = Automatic;
				CURRENT_PROJECT_VERSION = 1;
				DEVELOPMENT_TEAM = 538V75M248;
				GENERATE_INFOPLIST_FILE = YES;
				IPHONEOS_DEPLOYMENT_TARGET = 14.0;
				MARKETING_VERSION = 1.0;
				PRODUCT_BUNDLE_IDENTIFIER = com.ourtrees.CustomThrottleTapTests;
				PRODUCT_NAME = "$(TARGET_NAME)";
				SWIFT_EMIT_LOC_STRINGS = NO;
				SWIFT_VERSION = 5.0;
				TARGETED_DEVICE_FAMILY = "1,2";
				TEST_HOST = "$(BUILT_PRODUCTS_DIR)/CustomThrottleTapTest.app/$(BUNDLE_EXECUTABLE_FOLDER_PATH)/CustomThrottleTapTest";
			};
			name = Debug;
		};
		88DF63422B6650FA005E93E4 /* Release */ = {
			isa = XCBuildConfiguration;
			buildSettings = {
				BUNDLE_LOADER = "$(TEST_HOST)";
				CODE_SIGN_STYLE = Automatic;
				CURRENT_PROJECT_VERSION = 1;
				DEVELOPMENT_TEAM = 538V75M248;
				GENERATE_INFOPLIST_FILE = YES;
				IPHONEOS_DEPLOYMENT_TARGET = 14.0;
				MARKETING_VERSION = 1.0;
				PRODUCT_BUNDLE_IDENTIFIER = com.ourtrees.CustomThrottleTapTests;
				PRODUCT_NAME = "$(TARGET_NAME)";
				SWIFT_EMIT_LOC_STRINGS = NO;
				SWIFT_VERSION = 5.0;
				TARGETED_DEVICE_FAMILY = "1,2";
				TEST_HOST = "$(BUILT_PRODUCTS_DIR)/CustomThrottleTapTest.app/$(BUNDLE_EXECUTABLE_FOLDER_PATH)/CustomThrottleTapTest";
			};
			name = Release;
		};
/* End XCBuildConfiguration section */

/* Begin XCConfigurationList section */
		881892662B6647C200595A3E /* Build configuration list for PBXProject "CustomThrottleTapTest" */ = {
			isa = XCConfigurationList;
			buildConfigurations = (
				881892932B6647C400595A3E /* Debug */,
				881892942B6647C400595A3E /* Release */,
			);
			defaultConfigurationIsVisible = 0;
			defaultConfigurationName = Release;
		};
		881892952B6647C400595A3E /* Build configuration list for PBXNativeTarget "CustomThrottleTapTest" */ = {
			isa = XCConfigurationList;
			buildConfigurations = (
				881892962B6647C400595A3E /* Debug */,
				881892972B6647C400595A3E /* Release */,
			);
			defaultConfigurationIsVisible = 0;
			defaultConfigurationName = Release;
		};
		88DF63402B6650FA005E93E4 /* Build configuration list for PBXNativeTarget "CustomThrottleTapTests" */ = {
			isa = XCConfigurationList;
			buildConfigurations = (
				88DF63412B6650FA005E93E4 /* Debug */,
				88DF63422B6650FA005E93E4 /* Release */,
			);
			defaultConfigurationIsVisible = 0;
			defaultConfigurationName = Release;
		};
/* End XCConfigurationList section */
	};
	rootObject = 881892632B6647C200595A3E /* Project object */;
}
